
Microsoft Visual Studio Solution File, Format Version 12.00
# Visual Studio Version 16
VisualStudioVersion = 16.0.30804.86
MinimumVisualStudioVersion = 10.0.40219.1
Project("{8BC9CEB8-8B4A-11D0-8D11-00A0C91BC942}") = "Menampilkan-Dasar-Bilangan-Hexa-dan-Octal", "Menampilkan-Dasar-Bilangan-Hexa-dan-Octal\Menampilkan-Dasar-Bilangan-Hexa-dan-Octal.vcxproj", "{182B2DF0-6652-4905-9F13-3BF75A7A8AA9}"
EndProject
Global
	GlobalSection(SolutionConfigurationPlatforms) = preSolution
		Debug|x64 = Debug|x64
		Debug|x86 = Debug|x86
		Release|x64 = Release|x64
		Release|x86 = Release|x86
	EndGlobalSection
	GlobalSection(ProjectConfigurationPlatforms) = postSolution
		{182B2DF0-6652-4905-9F13-3BF75A7A8AA9}.Debug|x64.ActiveCfg = Debug|x64
		{182B2DF0-6652-4905-9F13-3BF75A7A8AA9}.Debug|x64.Build.0 = Debug|x64
		{182B2DF0-6652-4905-9F13-3BF75A7A8AA9}.Debug|x86.ActiveCfg = Debug|Win32
		{182B2DF0-6652-4905-9F13-3BF75A7A8AA9}.Debug|x86.Build.0 = Debug|Win32
		{182B2DF0-6652-4905-9F13-3BF75A7A8AA9}.Release|x64.ActiveCfg = Release|x64
		{182B2DF0-6652-4905-9F13-3BF75A7A8AA9}.Release|x64.Build.0 = Release|x64
		{182B2DF0-6652-4905-9F13-3BF75A7A8AA9}.Release|x86.ActiveCfg = Release|Win32
		{182B2DF0-6652-4905-9F13-3BF75A7A8AA9}.Release|x86.Build.0 = Release|Win32
	EndGlobalSection
	GlobalSection(SolutionProperties) = preSolution
		HideSolutionNode = FALSE
	EndGlobalSection
	GlobalSection(ExtensibilityGlobals) = postSolution
		SolutionGuid = {57AAC7A2-D247-4E86-972C-CE3D23719C48}
	EndGlobalSection
EndGlobal
